
Microsoft Visual Studio Solution File, Format Version 12.00
# Visual Studio Version 16
VisualStudioVersion = 16.0.29613.14
MinimumVisualStudioVersion = 10.0.40219.1
Project("{9A19103F-16F7-4668-BE54-9A1E7A4F7556}") = "pratical1", "pratical1\pratical1.csproj", "{C5FCE1EA-63BE-42F1-AAF7-5022B9F7EABC}"
EndProject
Project("{FAE04EC0-301F-11D3-BF4B-00C04F79EFBC}") = "pratical2", "pratical2\pratical2.csproj", "{74CA40B0-70C9-4A59-9992-D189F201595E}"
EndProject
Project("{FAE04EC0-301F-11D3-BF4B-00C04F79EFBC}") = "pratical3", "pratical3\pratical3.csproj", "{ECE616C0-8065-4F66-94A8-B7B6B9471537}"
EndProject
Project("{FAE04EC0-301F-11D3-BF4B-00C04F79EFBC}") = "pratical4", "pratical4\pratical4.csproj", "{A7C963E7-B7C7-43EB-9B86-DC06F761DABD}"
EndProject
Global
	GlobalSection(SolutionConfigurationPlatforms) = preSolution
		Debug|Any CPU = Debug|Any CPU
		Release|Any CPU = Release|Any CPU
	EndGlobalSection
	GlobalSection(ProjectConfigurationPlatforms) = postSolution
		{C5FCE1EA-63BE-42F1-AAF7-5022B9F7EABC}.Debug|Any CPU.ActiveCfg = Debug|Any CPU
		{C5FCE1EA-63BE-42F1-AAF7-5022B9F7EABC}.Debug|Any CPU.Build.0 = Debug|Any CPU
		{C5FCE1EA-63BE-42F1-AAF7-5022B9F7EABC}.Release|Any CPU.ActiveCfg = Release|Any CPU
		{C5FCE1EA-63BE-42F1-AAF7-5022B9F7EABC}.Release|Any CPU.Build.0 = Release|Any CPU
		{74CA40B0-70C9-4A59-9992-D189F201595E}.Debug|Any CPU.ActiveCfg = Debug|Any CPU
		{74CA40B0-70C9-4A59-9992-D189F201595E}.Debug|Any CPU.Build.0 = Debug|Any CPU
		{74CA40B0-70C9-4A59-9992-D189F201595E}.Release|Any CPU.ActiveCfg = Release|Any CPU
		{74CA40B0-70C9-4A59-9992-D189F201595E}.Release|Any CPU.Build.0 = Release|Any CPU
		{ECE616C0-8065-4F66-94A8-B7B6B9471537}.Debug|Any CPU.ActiveCfg = Debug|Any CPU
		{ECE616C0-8065-4F66-94A8-B7B6B9471537}.Debug|Any CPU.Build.0 = Debug|Any CPU
		{ECE616C0-8065-4F66-94A8-B7B6B9471537}.Release|Any CPU.ActiveCfg = Release|Any CPU
		{ECE616C0-8065-4F66-94A8-B7B6B9471537}.Release|Any CPU.Build.0 = Release|Any CPU
		{A7C963E7-B7C7-43EB-9B86-DC06F761DABD}.Debug|Any CPU.ActiveCfg = Debug|Any CPU
		{A7C963E7-B7C7-43EB-9B86-DC06F761DABD}.Debug|Any CPU.Build.0 = Debug|Any CPU
		{A7C963E7-B7C7-43EB-9B86-DC06F761DABD}.Release|Any CPU.ActiveCfg = Release|Any CPU
		{A7C963E7-B7C7-43EB-9B86-DC06F761DABD}.Release|Any CPU.Build.0 = Release|Any CPU
	EndGlobalSection
	GlobalSection(SolutionProperties) = preSolution
		HideSolutionNode = FALSE
	EndGlobalSection
	GlobalSection(ExtensibilityGlobals) = postSolution
		SolutionGuid = {ECA2FA12-39BB-4FD0-852E-88FE98E92AAC}
	EndGlobalSection
EndGlobal
